
Microsoft Visual Studio Solution File, Format Version 12.00
# Visual Studio Version 16
VisualStudioVersion = 16.0.30717.126
MinimumVisualStudioVersion = 10.0.40219.1
Project("{FAE04EC0-301F-11D3-BF4B-00C04F79EFBC}") = "WebServer", "WebServer\WebServer.csproj", "{94856332-4C6A-4E3E-B3BF-2A6130D3F67E}"
EndProject
Global
	GlobalSection(SolutionConfigurationPlatforms) = preSolution
		Debug|Any CPU = Debug|Any CPU
		Release|Any CPU = Release|Any CPU
	EndGlobalSection
	GlobalSection(ProjectConfigurationPlatforms) = postSolution
		{94856332-4C6A-4E3E-B3BF-2A6130D3F67E}.Debug|Any CPU.ActiveCfg = Debug|Any CPU
		{94856332-4C6A-4E3E-B3BF-2A6130D3F67E}.Debug|Any CPU.Build.0 = Debug|Any CPU
		{94856332-4C6A-4E3E-B3BF-2A6130D3F67E}.Release|Any CPU.ActiveCfg = Release|Any CPU
		{94856332-4C6A-4E3E-B3BF-2A6130D3F67E}.Release|Any CPU.Build.0 = Release|Any CPU
	EndGlobalSection
	GlobalSection(SolutionProperties) = preSolution
		HideSolutionNode = FALSE
	EndGlobalSection
	GlobalSection(ExtensibilityGlobals) = postSolution
		SolutionGuid = {DAA4C367-431C-4420-996A-4F5DB10A8FB5}
	EndGlobalSection
EndGlobal
